
Microsoft Visual Studio Solution File, Format Version 12.00
# Visual Studio Version 17
VisualStudioVersion = 17.3.32922.545
MinimumVisualStudioVersion = 10.0.40219.1
Project("{FAE04EC0-301F-11D3-BF4B-00C04F79EFBC}") = "StudentManagement", "StudentManagement\StudentManagement.csproj", "{C6BC797F-EE25-45E1-AC2C-51C0AF022394}"
EndProject
Global
	GlobalSection(SolutionConfigurationPlatforms) = preSolution
		Debug|Any CPU = Debug|Any CPU
		Release|Any CPU = Release|Any CPU
	EndGlobalSection
	GlobalSection(ProjectConfigurationPlatforms) = postSolution
		{C6BC797F-EE25-45E1-AC2C-51C0AF022394}.Debug|Any CPU.ActiveCfg = Debug|Any CPU
		{C6BC797F-EE25-45E1-AC2C-51C0AF022394}.Debug|Any CPU.Build.0 = Debug|Any CPU
		{C6BC797F-EE25-45E1-AC2C-51C0AF022394}.Release|Any CPU.ActiveCfg = Release|Any CPU
		{C6BC797F-EE25-45E1-AC2C-51C0AF022394}.Release|Any CPU.Build.0 = Release|Any CPU
	EndGlobalSection
	GlobalSection(SolutionProperties) = preSolution
		HideSolutionNode = FALSE
	EndGlobalSection
	GlobalSection(ExtensibilityGlobals) = postSolution
		SolutionGuid = {3F15773D-9918-4A5B-8028-5B840A2BF0F1}
	EndGlobalSection
EndGlobal
